{
  "name": "ual-verto",
  "version": "0.1.0",
  "lockfileVersion": 1,
  "requires": true,
  "dependencies": {
    "universal-authenticator-library": {
      "version": "0.1.4",
      "resolved": "https://registry.npmjs.org/universal-authenticator-library/-/universal-authenticator-library-0.1.4.tgz",
      "integrity": "sha512-1nU8W7yAc+ZQ+MlJA1gGKnGylSNyyaA2wC4Zy1RqtJo+asDYcNTc4gAySYp19TYhfdF0WwQXeve7SVuodbMHJA=="
    }
  }
}
